
Microsoft Visual Studio Solution File, Format Version 12.00
Project("{FAE04EC0-301F-11D3-BF4B-00C04F79EFBC}") = "Task1", "Task1\Task1.csproj", "{5D1EB560-9E6E-4133-921C-A8B8E357C471}"
EndProject
Project("{FAE04EC0-301F-11D3-BF4B-00C04F79EFBC}") = "Task2", "Task2\Task2.csproj", "{BA05FE59-1BBA-4BD7-990D-566D60E27E56}"
EndProject
Project("{FAE04EC0-301F-11D3-BF4B-00C04F79EFBC}") = "Task3", "Task3\Task3.csproj", "{0EFCF50F-8225-472B-8776-EED05CB0A99B}"
EndProject
Global
	GlobalSection(SolutionConfigurationPlatforms) = preSolution
		Debug|Any CPU = Debug|Any CPU
		Release|Any CPU = Release|Any CPU
	EndGlobalSection
	GlobalSection(ProjectConfigurationPlatforms) = postSolution
		{5D1EB560-9E6E-4133-921C-A8B8E357C471}.Debug|Any CPU.ActiveCfg = Debug|Any CPU
		{5D1EB560-9E6E-4133-921C-A8B8E357C471}.Debug|Any CPU.Build.0 = Debug|Any CPU
		{5D1EB560-9E6E-4133-921C-A8B8E357C471}.Release|Any CPU.ActiveCfg = Release|Any CPU
		{5D1EB560-9E6E-4133-921C-A8B8E357C471}.Release|Any CPU.Build.0 = Release|Any CPU
		{BA05FE59-1BBA-4BD7-990D-566D60E27E56}.Debug|Any CPU.ActiveCfg = Debug|Any CPU
		{BA05FE59-1BBA-4BD7-990D-566D60E27E56}.Debug|Any CPU.Build.0 = Debug|Any CPU
		{BA05FE59-1BBA-4BD7-990D-566D60E27E56}.Release|Any CPU.ActiveCfg = Release|Any CPU
		{BA05FE59-1BBA-4BD7-990D-566D60E27E56}.Release|Any CPU.Build.0 = Release|Any CPU
		{0EFCF50F-8225-472B-8776-EED05CB0A99B}.Debug|Any CPU.ActiveCfg = Debug|Any CPU
		{0EFCF50F-8225-472B-8776-EED05CB0A99B}.Debug|Any CPU.Build.0 = Debug|Any CPU
		{0EFCF50F-8225-472B-8776-EED05CB0A99B}.Release|Any CPU.ActiveCfg = Release|Any CPU
		{0EFCF50F-8225-472B-8776-EED05CB0A99B}.Release|Any CPU.Build.0 = Release|Any CPU
	EndGlobalSection
EndGlobal
